// !$*UTF8*$!
{
	archiveVersion = 1;
	classes = {
	};
	objectVersion = 50;
	objects = {

/* Begin PBXBuildFile section */
		EEFDA8922BF94E330016A1E9 /* AppDelegate.swift in Sources */ = {isa = PBXBuildFile; fileRef = EEFDA8912BF94E330016A1E9 /* AppDelegate.swift */; };
		EEFDA8942BF94E330016A1E9 /* ViewController.swift in Sources */ = {isa = PBXBuildFile; fileRef = EEFDA8932BF94E330016A1E9 /* ViewController.swift */; };
		EEFDA8962BF94E350016A1E9 /* Assets.xcassets in Resources */ = {isa = PBXBuildFile; fileRef = EEFDA8952BF94E350016A1E9 /* Assets.xcassets */; };
		EEFDA8992BF94E350016A1E9 /* Main.storyboard in Resources */ = {isa = PBXBuildFile; fileRef = EEFDA8972BF94E350016A1E9 /* Main.storyboard */; };
		EEFDA8A02BF94EB40016A1E9 /* MetalRenderer.swift in Sources */ = {isa = PBXBuildFile; fileRef = EEFDA89F2BF94EB40016A1E9 /* MetalRenderer.swift */; };
		EEFDA8A12BF94ED60016A1E9 /* sunflower.jpg in Resources */ = {isa = PBXBuildFile; fileRef = EEFE64972BDE1BD100EF1159 /* sunflower.jpg */; };
		EEFDA8A42BF94F820016A1E9 /* Shaders.metal in Sources */ = {isa = PBXBuildFile; fileRef = EEFDA8A32BF94F820016A1E9 /* Shaders.metal */; };
/* End PBXBuildFile section */

/* Begin PBXFileReference section */
		EE0357AE2BE0A543000C641E /* Readme.md */ = {isa = PBXFileReference; lastKnownFileType = net.daringfireball.markdown; path = Readme.md; sourceTree = "<group>"; wrapsLines = 1; xcLanguageSpecificationIdentifier = xcode.lang.markdown; };
		EEEFD74E2BDEF43900DB8F4D /* RedFlower.png */ = {isa = PBXFileReference; lastKnownFileType = image.png; path = RedFlower.png; sourceTree = "<group>"; };
		EEFDA88F2BF94E330016A1E9 /* RGB2YpCbCrConversion.app */ = {isa = PBXFileReference; explicitFileType = wrapper.application; includeInIndex = 0; path = RGB2YpCbCrConversion.app; sourceTree = BUILT_PRODUCTS_DIR; };
		EEFDA8912BF94E330016A1E9 /* AppDelegate.swift */ = {isa = PBXFileReference; lastKnownFileType = sourcecode.swift; path = AppDelegate.swift; sourceTree = "<group>"; };
		EEFDA8932BF94E330016A1E9 /* ViewController.swift */ = {isa = PBXFileReference; lastKnownFileType = sourcecode.swift; path = ViewController.swift; sourceTree = "<group>"; };
		EEFDA8952BF94E350016A1E9 /* Assets.xcassets */ = {isa = PBXFileReference; lastKnownFileType = folder.assetcatalog; path = Assets.xcassets; sourceTree = "<group>"; };
		EEFDA8982BF94E350016A1E9 /* Base */ = {isa = PBXFileReference; lastKnownFileType = file.storyboard; name = Base; path = Base.lproj/Main.storyboard; sourceTree = "<group>"; };
		EEFDA89A2BF94E350016A1E9 /* Info.plist */ = {isa = PBXFileReference; lastKnownFileType = text.plist.xml; path = Info.plist; sourceTree = "<group>"; };
		EEFDA89B2BF94E350016A1E9 /* RGB2YpCbCrConversion.entitlements */ = {isa = PBXFileReference; lastKnownFileType = text.plist.entitlements; path = RGB2YpCbCrConversion.entitlements; sourceTree = "<group>"; };
		EEFDA89F2BF94EB40016A1E9 /* MetalRenderer.swift */ = {isa = PBXFileReference; fileEncoding = 4; lastKnownFileType = sourcecode.swift; path = MetalRenderer.swift; sourceTree = "<group>"; };
		EEFDA8A32BF94F820016A1E9 /* Shaders.metal */ = {isa = PBXFileReference; fileEncoding = 4; lastKnownFileType = sourcecode.metal; path = Shaders.metal; sourceTree = "<group>"; };
		EEFE64972BDE1BD100EF1159 /* sunflower.jpg */ = {isa = PBXFileReference; lastKnownFileType = image.jpeg; path = sunflower.jpg; sourceTree = "<group>"; };
/* End PBXFileReference section */

/* Begin PBXFrameworksBuildPhase section */
		EEFDA88C2BF94E330016A1E9 /* Frameworks */ = {
			isa = PBXFrameworksBuildPhase;
			buildActionMask = 2147483647;
			files = (
			);
			runOnlyForDeploymentPostprocessing = 0;
		};
/* End PBXFrameworksBuildPhase section */

/* Begin PBXGroup section */
		EEFDA8902BF94E330016A1E9 /* RGB2YpCbCrConversion */ = {
			isa = PBXGroup;
			children = (
				EEFDA8912BF94E330016A1E9 /* AppDelegate.swift */,
				EEFDA89F2BF94EB40016A1E9 /* MetalRenderer.swift */,
				EEFDA8932BF94E330016A1E9 /* ViewController.swift */,
				EEFDA8A22BF94F640016A1E9 /* Shaders */,
				EEFDA8952BF94E350016A1E9 /* Assets.xcassets */,
				EEFDA8972BF94E350016A1E9 /* Main.storyboard */,
				EEFDA89A2BF94E350016A1E9 /* Info.plist */,
				EEFDA89B2BF94E350016A1E9 /* RGB2YpCbCrConversion.entitlements */,
			);
			path = RGB2YpCbCrConversion;
			sourceTree = "<group>";
		};
		EEFDA8A22BF94F640016A1E9 /* Shaders */ = {
			isa = PBXGroup;
			children = (
				EEFDA8A32BF94F820016A1E9 /* Shaders.metal */,
			);
			path = Shaders;
			sourceTree = "<group>";
		};
		EEFE64782BDE0E7700EF1159 = {
			isa = PBXGroup;
			children = (
				EE0357AE2BE0A543000C641E /* Readme.md */,
				EEFE64962BDE1BBF00EF1159 /* Images */,
				EEFDA8902BF94E330016A1E9 /* RGB2YpCbCrConversion */,
				EEFE64822BDE0E7700EF1159 /* Products */,
			);
			sourceTree = "<group>";
		};
		EEFE64822BDE0E7700EF1159 /* Products */ = {
			isa = PBXGroup;
			children = (
				EEFDA88F2BF94E330016A1E9 /* RGB2YpCbCrConversion.app */,
			);
			name = Products;
			sourceTree = "<group>";
		};
		EEFE64962BDE1BBF00EF1159 /* Images */ = {
			isa = PBXGroup;
			children = (
				EEEFD74E2BDEF43900DB8F4D /* RedFlower.png */,
				EEFE64972BDE1BD100EF1159 /* sunflower.jpg */,
			);
			path = Images;
			sourceTree = "<group>";
		};
/* End PBXGroup section */

/* Begin PBXNativeTarget section */
		EEFDA88E2BF94E330016A1E9 /* RGB2YpCbCrConversion */ = {
			isa = PBXNativeTarget;
			buildConfigurationList = EEFDA89E2BF94E350016A1E9 /* Build configuration list for PBXNativeTarget "RGB2YpCbCrConversion" */;
			buildPhases = (
				EEFDA88B2BF94E330016A1E9 /* Sources */,
				EEFDA88C2BF94E330016A1E9 /* Frameworks */,
				EEFDA88D2BF94E330016A1E9 /* Resources */,
			);
			buildRules = (
			);
			dependencies = (
			);
			name = RGB2YpCbCrConversion;
			productName = Image2CVPixelBuffer;
			productReference = EEFDA88F2BF94E330016A1E9 /* RGB2YpCbCrConversion.app */;
			productType = "com.apple.product-type.application";
		};
/* End PBXNativeTarget section */

/* Begin PBXProject section */
		EEFE64792BDE0E7700EF1159 /* Project object */ = {
			isa = PBXProject;
			attributes = {
				LastSwiftUpdateCheck = 1160;
				LastUpgradeCheck = 1160;
				ORGANIZATIONNAME = com.incremental.innovation;
				TargetAttributes = {
					EEFDA88E2BF94E330016A1E9 = {
						CreatedOnToolsVersion = 11.6;
					};
				};
			};
			buildConfigurationList = EEFE647C2BDE0E7700EF1159 /* Build configuration list for PBXProject "RGB2YpCbCrConversion" */;
			compatibilityVersion = "Xcode 9.3";
			developmentRegion = en;
			hasScannedForEncodings = 0;
			knownRegions = (
				en,
				Base,
			);
			mainGroup = EEFE64782BDE0E7700EF1159;
			productRefGroup = EEFE64822BDE0E7700EF1159 /* Products */;
			projectDirPath = "";
			projectRoot = "";
			targets = (
				EEFDA88E2BF94E330016A1E9 /* RGB2YpCbCrConversion */,
			);
		};
/* End PBXProject section */

/* Begin PBXResourcesBuildPhase section */
		EEFDA88D2BF94E330016A1E9 /* Resources */ = {
			isa = PBXResourcesBuildPhase;
			buildActionMask = 2147483647;
			files = (
				EEFDA8962BF94E350016A1E9 /* Assets.xcassets in Resources */,
				EEFDA8992BF94E350016A1E9 /* Main.storyboard in Resources */,
				EEFDA8A12BF94ED60016A1E9 /* sunflower.jpg in Resources */,
			);
			runOnlyForDeploymentPostprocessing = 0;
		};
/* End PBXResourcesBuildPhase section */

/* Begin PBXSourcesBuildPhase section */
		EEFDA88B2BF94E330016A1E9 /* Sources */ = {
			isa = PBXSourcesBuildPhase;
			buildActionMask = 2147483647;
			files = (
				EEFDA8A42BF94F820016A1E9 /* Shaders.metal in Sources */,
				EEFDA8942BF94E330016A1E9 /* ViewController.swift in Sources */,
				EEFDA8922BF94E330016A1E9 /* AppDelegate.swift in Sources */,
				EEFDA8A02BF94EB40016A1E9 /* MetalRenderer.swift in Sources */,
			);
			runOnlyForDeploymentPostprocessing = 0;
		};
/* End PBXSourcesBuildPhase section */

/* Begin PBXVariantGroup section */
		EEFDA8972BF94E350016A1E9 /* Main.storyboard */ = {
			isa = PBXVariantGroup;
			children = (
				EEFDA8982BF94E350016A1E9 /* Base */,
			);
			name = Main.storyboard;
			sourceTree = "<group>";
		};
/* End PBXVariantGroup section */

/* Begin XCBuildConfiguration section */
		EEFDA89C2BF94E350016A1E9 /* Debug */ = {
			isa = XCBuildConfiguration;
			buildSettings = {
				ASSETCATALOG_COMPILER_APPICON_NAME = AppIcon;
				CODE_SIGN_ENTITLEMENTS = RGB2YpCbCrConversion/RGB2YpCbCrConversion.entitlements;
				CODE_SIGN_STYLE = Automatic;
				COMBINE_HIDPI_IMAGES = YES;
				INFOPLIST_FILE = RGB2YpCbCrConversion/Info.plist;
				LD_RUNPATH_SEARCH_PATHS = (
					"$(inherited)",
					"@executable_path/../Frameworks",
				);
				PRODUCT_BUNDLE_IDENTIFIER = incremental.innovation.RGB2YpCbCrConversion;
				PRODUCT_NAME = "$(TARGET_NAME)";
				SWIFT_VERSION = 5.0;
			};
			name = Debug;
		};
		EEFDA89D2BF94E350016A1E9 /* Release */ = {
			isa = XCBuildConfiguration;
			buildSettings = {
				ASSETCATALOG_COMPILER_APPICON_NAME = AppIcon;
				CODE_SIGN_ENTITLEMENTS = RGB2YpCbCrConversion/RGB2YpCbCrConversion.entitlements;
				CODE_SIGN_STYLE = Automatic;
				COMBINE_HIDPI_IMAGES = YES;
				INFOPLIST_FILE = RGB2YpCbCrConversion/Info.plist;
				LD_RUNPATH_SEARCH_PATHS = (
					"$(inherited)",
					"@executable_path/../Frameworks",
				);
				PRODUCT_BUNDLE_IDENTIFIER = incremental.innovation.RGB2YpCbCrConversion;
				PRODUCT_NAME = "$(TARGET_NAME)";
				SWIFT_VERSION = 5.0;
			};
			name = Release;
		};
		EEFE648F2BDE0E7900EF1159 /* Debug */ = {
			isa = XCBuildConfiguration;
			buildSettings = {
				ALWAYS_SEARCH_USER_PATHS = NO;
				CLANG_ANALYZER_NONNULL = YES;
				CLANG_ANALYZER_NUMBER_OBJECT_CONVERSION = YES_AGGRESSIVE;
				CLANG_CXX_LANGUAGE_STANDARD = "gnu++14";
				CLANG_CXX_LIBRARY = "libc++";
				CLANG_ENABLE_MODULES = YES;
				CLANG_ENABLE_OBJC_ARC = YES;
				CLANG_ENABLE_OBJC_WEAK = YES;
				CLANG_WARN_BLOCK_CAPTURE_AUTORELEASING = YES;
				CLANG_WARN_BOOL_CONVERSION = YES;
				CLANG_WARN_COMMA = YES;
				CLANG_WARN_CONSTANT_CONVERSION = YES;
				CLANG_WARN_DEPRECATED_OBJC_IMPLEMENTATIONS = YES;
				CLANG_WARN_DIRECT_OBJC_ISA_USAGE = YES_ERROR;
				CLANG_WARN_DOCUMENTATION_COMMENTS = YES;
				CLANG_WARN_EMPTY_BODY = YES;
				CLANG_WARN_ENUM_CONVERSION = YES;
				CLANG_WARN_INFINITE_RECURSION = YES;
				CLANG_WARN_INT_CONVERSION = YES;
				CLANG_WARN_NON_LITERAL_NULL_CONVERSION = YES;
				CLANG_WARN_OBJC_IMPLICIT_RETAIN_SELF = YES;
				CLANG_WARN_OBJC_LITERAL_CONVERSION = YES;
				CLANG_WARN_OBJC_ROOT_CLASS = YES_ERROR;
				CLANG_WARN_RANGE_LOOP_ANALYSIS = YES;
				CLANG_WARN_STRICT_PROTOTYPES = YES;
				CLANG_WARN_SUSPICIOUS_MOVE = YES;
				CLANG_WARN_UNGUARDED_AVAILABILITY = YES_AGGRESSIVE;
				CLANG_WARN_UNREACHABLE_CODE = YES;
				CLANG_WARN__DUPLICATE_METHOD_MATCH = YES;
				COPY_PHASE_STRIP = NO;
				DEBUG_INFORMATION_FORMAT = dwarf;
				ENABLE_STRICT_OBJC_MSGSEND = YES;
				ENABLE_TESTABILITY = YES;
				GCC_C_LANGUAGE_STANDARD = gnu11;
				GCC_DYNAMIC_NO_PIC = NO;
				GCC_NO_COMMON_BLOCKS = YES;
				GCC_OPTIMIZATION_LEVEL = 0;
				GCC_PREPROCESSOR_DEFINITIONS = (
					"DEBUG=1",
					"$(inherited)",
				);
				GCC_WARN_64_TO_32_BIT_CONVERSION = YES;
				GCC_WARN_ABOUT_RETURN_TYPE = YES_ERROR;
				GCC_WARN_UNDECLARED_SELECTOR = YES;
				GCC_WARN_UNINITIALIZED_AUTOS = YES_AGGRESSIVE;
				GCC_WARN_UNUSED_FUNCTION = YES;
				GCC_WARN_UNUSED_VARIABLE = YES;
				MACOSX_DEPLOYMENT_TARGET = 10.15;
				MTL_ENABLE_DEBUG_INFO = INCLUDE_SOURCE;
				MTL_FAST_MATH = YES;
				ONLY_ACTIVE_ARCH = YES;
				SDKROOT = macosx;
				SWIFT_ACTIVE_COMPILATION_CONDITIONS = DEBUG;
				SWIFT_OPTIMIZATION_LEVEL = "-Onone";
			};
			name = Debug;
		};
		EEFE64902BDE0E7900EF1159 /* Release */ = {
			isa = XCBuildConfiguration;
			buildSettings = {
				ALWAYS_SEARCH_USER_PATHS = NO;
				CLANG_ANALYZER_NONNULL = YES;
				CLANG_ANALYZER_NUMBER_OBJECT_CONVERSION = YES_AGGRESSIVE;
				CLANG_CXX_LANGUAGE_STANDARD = "gnu++14";
				CLANG_CXX_LIBRARY = "libc++";
				CLANG_ENABLE_MODULES = YES;
				CLANG_ENABLE_OBJC_ARC = YES;
				CLANG_ENABLE_OBJC_WEAK = YES;
				CLANG_WARN_BLOCK_CAPTURE_AUTORELEASING = YES;
				CLANG_WARN_BOOL_CONVERSION = YES;
				CLANG_WARN_COMMA = YES;
				CLANG_WARN_CONSTANT_CONVERSION = YES;
				CLANG_WARN_DEPRECATED_OBJC_IMPLEMENTATIONS = YES;
				CLANG_WARN_DIRECT_OBJC_ISA_USAGE = YES_ERROR;
				CLANG_WARN_DOCUMENTATION_COMMENTS = YES;
				CLANG_WARN_EMPTY_BODY = YES;
				CLANG_WARN_ENUM_CONVERSION = YES;
				CLANG_WARN_INFINITE_RECURSION = YES;
				CLANG_WARN_INT_CONVERSION = YES;
				CLANG_WARN_NON_LITERAL_NULL_CONVERSION = YES;
				CLANG_WARN_OBJC_IMPLICIT_RETAIN_SELF = YES;
				CLANG_WARN_OBJC_LITERAL_CONVERSION = YES;
				CLANG_WARN_OBJC_ROOT_CLASS = YES_ERROR;
				CLANG_WARN_RANGE_LOOP_ANALYSIS = YES;
				CLANG_WARN_STRICT_PROTOTYPES = YES;
				CLANG_WARN_SUSPICIOUS_MOVE = YES;
				CLANG_WARN_UNGUARDED_AVAILABILITY = YES_AGGRESSIVE;
				CLANG_WARN_UNREACHABLE_CODE = YES;
				CLANG_WARN__DUPLICATE_METHOD_MATCH = YES;
				COPY_PHASE_STRIP = NO;
				DEBUG_INFORMATION_FORMAT = "dwarf-with-dsym";
				ENABLE_NS_ASSERTIONS = NO;
				ENABLE_STRICT_OBJC_MSGSEND = YES;
				GCC_C_LANGUAGE_STANDARD = gnu11;
				GCC_NO_COMMON_BLOCKS = YES;
				GCC_WARN_64_TO_32_BIT_CONVERSION = YES;
				GCC_WARN_ABOUT_RETURN_TYPE = YES_ERROR;
				GCC_WARN_UNDECLARED_SELECTOR = YES;
				GCC_WARN_UNINITIALIZED_AUTOS = YES_AGGRESSIVE;
				GCC_WARN_UNUSED_FUNCTION = YES;
				GCC_WARN_UNUSED_VARIABLE = YES;
				MACOSX_DEPLOYMENT_TARGET = 10.15;
				MTL_ENABLE_DEBUG_INFO = NO;
				MTL_FAST_MATH = YES;
				SDKROOT = macosx;
				SWIFT_COMPILATION_MODE = wholemodule;
				SWIFT_OPTIMIZATION_LEVEL = "-O";
			};
			name = Release;
		};
/* End XCBuildConfiguration section */

/* Begin XCConfigurationList section */
		EEFDA89E2BF94E350016A1E9 /* Build configuration list for PBXNativeTarget "RGB2YpCbCrConversion" */ = {
			isa = XCConfigurationList;
			buildConfigurations = (
				EEFDA89C2BF94E350016A1E9 /* Debug */,
				EEFDA89D2BF94E350016A1E9 /* Release */,
			);
			defaultConfigurationIsVisible = 0;
			defaultConfigurationName = Release;
		};
		EEFE647C2BDE0E7700EF1159 /* Build configuration list for PBXProject "RGB2YpCbCrConversion" */ = {
			isa = XCConfigurationList;
			buildConfigurations = (
				EEFE648F2BDE0E7900EF1159 /* Debug */,
				EEFE64902BDE0E7900EF1159 /* Release */,
			);
			defaultConfigurationIsVisible = 0;
			defaultConfigurationName = Release;
		};
/* End XCConfigurationList section */
	};
	rootObject = EEFE64792BDE0E7700EF1159 /* Project object */;
}
